
Microsoft Visual Studio Solution File, Format Version 12.00
# Visual Studio Version 17
VisualStudioVersion = 17.6.33723.286
MinimumVisualStudioVersion = 10.0.40219.1
Project("{FAE04EC0-301F-11D3-BF4B-00C04F79EFBC}") = "caja_de_taller_final", "caja_de_taller_final2\caja_de_taller_final\caja_de_taller_final.csproj", "{9659667B-F5E0-4D56-97A5-C83C376AE791}"
EndProject
Project("{9A19103F-16F7-4668-BE54-9A1E7A4F7556}") = "Integracion", "Integracion\Integracion.csproj", "{901AB744-99D4-4414-ACCD-64DADB6A7635}"
EndProject
Project("{9A19103F-16F7-4668-BE54-9A1E7A4F7556}") = "Taller_Caja", "Taller_Caja\Taller_Caja.csproj", "{DD7D2312-AAC5-4040-83BF-AEE41F7A2A2C}"
EndProject
Global
	GlobalSection(SolutionConfigurationPlatforms) = preSolution
		Debug|Any CPU = Debug|Any CPU
		Release|Any CPU = Release|Any CPU
	EndGlobalSection
	GlobalSection(ProjectConfigurationPlatforms) = postSolution
		{9659667B-F5E0-4D56-97A5-C83C376AE791}.Debug|Any CPU.ActiveCfg = Debug|Any CPU
		{9659667B-F5E0-4D56-97A5-C83C376AE791}.Debug|Any CPU.Build.0 = Debug|Any CPU
		{9659667B-F5E0-4D56-97A5-C83C376AE791}.Release|Any CPU.ActiveCfg = Release|Any CPU
		{9659667B-F5E0-4D56-97A5-C83C376AE791}.Release|Any CPU.Build.0 = Release|Any CPU
		{901AB744-99D4-4414-ACCD-64DADB6A7635}.Debug|Any CPU.ActiveCfg = Debug|Any CPU
		{901AB744-99D4-4414-ACCD-64DADB6A7635}.Debug|Any CPU.Build.0 = Debug|Any CPU
		{901AB744-99D4-4414-ACCD-64DADB6A7635}.Release|Any CPU.ActiveCfg = Release|Any CPU
		{901AB744-99D4-4414-ACCD-64DADB6A7635}.Release|Any CPU.Build.0 = Release|Any CPU
		{DD7D2312-AAC5-4040-83BF-AEE41F7A2A2C}.Debug|Any CPU.ActiveCfg = Debug|Any CPU
		{DD7D2312-AAC5-4040-83BF-AEE41F7A2A2C}.Debug|Any CPU.Build.0 = Debug|Any CPU
		{DD7D2312-AAC5-4040-83BF-AEE41F7A2A2C}.Release|Any CPU.ActiveCfg = Release|Any CPU
		{DD7D2312-AAC5-4040-83BF-AEE41F7A2A2C}.Release|Any CPU.Build.0 = Release|Any CPU
	EndGlobalSection
	GlobalSection(SolutionProperties) = preSolution
		HideSolutionNode = FALSE
	EndGlobalSection
	GlobalSection(ExtensibilityGlobals) = postSolution
		SolutionGuid = {3116D7E5-A061-4740-997F-9A44621479E6}
	EndGlobalSection
EndGlobal
